
Microsoft Visual Studio Solution File, Format Version 12.00
# Visual Studio 14
VisualStudioVersion = 14.0.23107.0
MinimumVisualStudioVersion = 10.0.40219.1
Project("{FAE04EC0-301F-11D3-BF4B-00C04F79EFBC}") = "xLua.CSharp", "xLua.CSharp.csproj", "{C06C6158-5685-2ED4-133F-E5BA4AEF3018}"
EndProject
Project("{FAE04EC0-301F-11D3-BF4B-00C04F79EFBC}") = "xLua.CSharp.Editor", "xLua.CSharp.Editor.csproj", "{FBAB818F-A22B-D5BB-7F72-A646C6910025}"
EndProject
Project("{5697748A-77EF-44CA-8824-4F5637E5945B}") = "Assets", "Assets.luaproj", "{E439935D-B2A2-46AE-856D-2AA408428F33}"
EndProject
Global
	GlobalSection(SolutionConfigurationPlatforms) = preSolution
		Debug|Any CPU = Debug|Any CPU
		Release|Any CPU = Release|Any CPU
	EndGlobalSection
	GlobalSection(ProjectConfigurationPlatforms) = postSolution
		{C06C6158-5685-2ED4-133F-E5BA4AEF3018}.Debug|Any CPU.ActiveCfg = Debug|Any CPU
		{C06C6158-5685-2ED4-133F-E5BA4AEF3018}.Debug|Any CPU.Build.0 = Debug|Any CPU
		{C06C6158-5685-2ED4-133F-E5BA4AEF3018}.Release|Any CPU.ActiveCfg = Release|Any CPU
		{C06C6158-5685-2ED4-133F-E5BA4AEF3018}.Release|Any CPU.Build.0 = Release|Any CPU
		{FBAB818F-A22B-D5BB-7F72-A646C6910025}.Debug|Any CPU.ActiveCfg = Debug|Any CPU
		{FBAB818F-A22B-D5BB-7F72-A646C6910025}.Debug|Any CPU.Build.0 = Debug|Any CPU
		{FBAB818F-A22B-D5BB-7F72-A646C6910025}.Release|Any CPU.ActiveCfg = Release|Any CPU
		{FBAB818F-A22B-D5BB-7F72-A646C6910025}.Release|Any CPU.Build.0 = Release|Any CPU
		{E439935D-B2A2-46AE-856D-2AA408428F33}.Debug|Any CPU.ActiveCfg = Debug|Any CPU
		{E439935D-B2A2-46AE-856D-2AA408428F33}.Debug|Any CPU.Build.0 = Debug|Any CPU
		{E439935D-B2A2-46AE-856D-2AA408428F33}.Release|Any CPU.ActiveCfg = Release|Any CPU
		{E439935D-B2A2-46AE-856D-2AA408428F33}.Release|Any CPU.Build.0 = Release|Any CPU
	EndGlobalSection
	GlobalSection(SolutionProperties) = preSolution
		HideSolutionNode = FALSE
	EndGlobalSection
EndGlobal
